
Microsoft Visual Studio Solution File, Format Version 12.00
# Visual Studio Version 17
VisualStudioVersion = 17.5.33516.290
MinimumVisualStudioVersion = 10.0.40219.1
Project("{FAE04EC0-301F-11D3-BF4B-00C04F79EFBC}") = "WebApplication5", "WebApplication5.csproj", "{1ADC0ED8-DDAB-4633-A9B8-9581D8589E47}"
EndProject
Global
	GlobalSection(SolutionConfigurationPlatforms) = preSolution
		Debug|Any CPU = Debug|Any CPU
		Release|Any CPU = Release|Any CPU
	EndGlobalSection
	GlobalSection(ProjectConfigurationPlatforms) = postSolution
		{1ADC0ED8-DDAB-4633-A9B8-9581D8589E47}.Debug|Any CPU.ActiveCfg = Debug|Any CPU
		{1ADC0ED8-DDAB-4633-A9B8-9581D8589E47}.Debug|Any CPU.Build.0 = Debug|Any CPU
		{1ADC0ED8-DDAB-4633-A9B8-9581D8589E47}.Release|Any CPU.ActiveCfg = Release|Any CPU
		{1ADC0ED8-DDAB-4633-A9B8-9581D8589E47}.Release|Any CPU.Build.0 = Release|Any CPU
	EndGlobalSection
	GlobalSection(SolutionProperties) = preSolution
		HideSolutionNode = FALSE
	EndGlobalSection
	GlobalSection(ExtensibilityGlobals) = postSolution
		SolutionGuid = {7B800045-FED6-4D02-812C-587303C8B3F1}
	EndGlobalSection
EndGlobal
